
Microsoft Visual Studio Solution File, Format Version 12.00
# Visual Studio 2012
Project("{FAE04EC0-301F-11D3-BF4B-00C04F79EFBC}") = "KanbanBoard", "KanbanBoard\KanbanBoard.csproj", "{EF3F3CB5-5168-41D4-A880-58D7E97ED530}"
	ProjectSection(ProjectDependencies) = postProject
		{4C1689C0-98C3-46FA-B77F-6E89FF7E899B} = {4C1689C0-98C3-46FA-B77F-6E89FF7E899B}
	EndProjectSection
EndProject
Project("{FAE04EC0-301F-11D3-BF4B-00C04F79EFBC}") = "KanbanBoard.Web", "KanbanBoard.Web\KanbanBoard.Web.csproj", "{4C1689C0-98C3-46FA-B77F-6E89FF7E899B}"
EndProject
Project("{FAE04EC0-301F-11D3-BF4B-00C04F79EFBC}") = "KanbanBoard.Shell", "KanbanBoard.Shell\KanbanBoard.Shell.csproj", "{832FE05C-3C7B-488C-B48B-241BE4E4BE92}"
EndProject
Project("{930C7802-8A8C-48F9-8165-68863BCCD9DD}") = "KanbanBoardInstaller", "KanbanBoardInstaller\KanbanBoardInstaller.wixproj", "{D7CBD6BB-3424-486F-A063-4FDF3B66584D}"
EndProject
Project("{FAE04EC0-301F-11D3-BF4B-00C04F79EFBC}") = "IISCA", "IISCA\IISCA.csproj", "{3FC7488F-C40E-49F3-AC61-3996A21E966B}"
EndProject
Project("{00D1A9C2-B5F0-4AF3-8072-F6C62B433612}") = "KanbanBoardDatabase", "KanbanBoardDatabase\KanbanBoardDatabase.sqlproj", "{9C154C58-AE53-4AD9-9483-AA20DC81CE0F}"
EndProject
Global
	GlobalSection(SolutionConfigurationPlatforms) = preSolution
		Debug|Any CPU = Debug|Any CPU
		Debug|Mixed Platforms = Debug|Mixed Platforms
		Debug|x86 = Debug|x86
		Release|Any CPU = Release|Any CPU
		Release|Mixed Platforms = Release|Mixed Platforms
		Release|x86 = Release|x86
	EndGlobalSection
	GlobalSection(ProjectConfigurationPlatforms) = postSolution
		{EF3F3CB5-5168-41D4-A880-58D7E97ED530}.Debug|Any CPU.ActiveCfg = Debug|Any CPU
		{EF3F3CB5-5168-41D4-A880-58D7E97ED530}.Debug|Any CPU.Build.0 = Debug|Any CPU
		{EF3F3CB5-5168-41D4-A880-58D7E97ED530}.Debug|Mixed Platforms.ActiveCfg = Debug|Any CPU
		{EF3F3CB5-5168-41D4-A880-58D7E97ED530}.Debug|Mixed Platforms.Build.0 = Debug|Any CPU
		{EF3F3CB5-5168-41D4-A880-58D7E97ED530}.Debug|x86.ActiveCfg = Debug|Any CPU
		{EF3F3CB5-5168-41D4-A880-58D7E97ED530}.Release|Any CPU.ActiveCfg = Release|Any CPU
		{EF3F3CB5-5168-41D4-A880-58D7E97ED530}.Release|Any CPU.Build.0 = Release|Any CPU
		{EF3F3CB5-5168-41D4-A880-58D7E97ED530}.Release|Mixed Platforms.ActiveCfg = Release|Any CPU
		{EF3F3CB5-5168-41D4-A880-58D7E97ED530}.Release|Mixed Platforms.Build.0 = Release|Any CPU
		{EF3F3CB5-5168-41D4-A880-58D7E97ED530}.Release|x86.ActiveCfg = Release|Any CPU
		{4C1689C0-98C3-46FA-B77F-6E89FF7E899B}.Debug|Any CPU.ActiveCfg = Debug|Any CPU
		{4C1689C0-98C3-46FA-B77F-6E89FF7E899B}.Debug|Any CPU.Build.0 = Debug|Any CPU
		{4C1689C0-98C3-46FA-B77F-6E89FF7E899B}.Debug|Mixed Platforms.ActiveCfg = Debug|Any CPU
		{4C1689C0-98C3-46FA-B77F-6E89FF7E899B}.Debug|Mixed Platforms.Build.0 = Debug|Any CPU
		{4C1689C0-98C3-46FA-B77F-6E89FF7E899B}.Debug|x86.ActiveCfg = Debug|Any CPU
		{4C1689C0-98C3-46FA-B77F-6E89FF7E899B}.Release|Any CPU.ActiveCfg = Release|Any CPU
		{4C1689C0-98C3-46FA-B77F-6E89FF7E899B}.Release|Any CPU.Build.0 = Release|Any CPU
		{4C1689C0-98C3-46FA-B77F-6E89FF7E899B}.Release|Mixed Platforms.ActiveCfg = Release|Any CPU
		{4C1689C0-98C3-46FA-B77F-6E89FF7E899B}.Release|Mixed Platforms.Build.0 = Release|Any CPU
		{4C1689C0-98C3-46FA-B77F-6E89FF7E899B}.Release|x86.ActiveCfg = Release|Any CPU
		{832FE05C-3C7B-488C-B48B-241BE4E4BE92}.Debug|Any CPU.ActiveCfg = Debug|Any CPU
		{832FE05C-3C7B-488C-B48B-241BE4E4BE92}.Debug|Any CPU.Build.0 = Debug|Any CPU
		{832FE05C-3C7B-488C-B48B-241BE4E4BE92}.Debug|Mixed Platforms.ActiveCfg = Debug|Any CPU
		{832FE05C-3C7B-488C-B48B-241BE4E4BE92}.Debug|Mixed Platforms.Build.0 = Debug|Any CPU
		{832FE05C-3C7B-488C-B48B-241BE4E4BE92}.Debug|x86.ActiveCfg = Debug|Any CPU
		{832FE05C-3C7B-488C-B48B-241BE4E4BE92}.Release|Any CPU.ActiveCfg = Release|Any CPU
		{832FE05C-3C7B-488C-B48B-241BE4E4BE92}.Release|Any CPU.Build.0 = Release|Any CPU
		{832FE05C-3C7B-488C-B48B-241BE4E4BE92}.Release|Mixed Platforms.ActiveCfg = Release|Any CPU
		{832FE05C-3C7B-488C-B48B-241BE4E4BE92}.Release|Mixed Platforms.Build.0 = Release|Any CPU
		{832FE05C-3C7B-488C-B48B-241BE4E4BE92}.Release|x86.ActiveCfg = Release|Any CPU
		{D7CBD6BB-3424-486F-A063-4FDF3B66584D}.Debug|Any CPU.ActiveCfg = Debug|x86
		{D7CBD6BB-3424-486F-A063-4FDF3B66584D}.Debug|Mixed Platforms.ActiveCfg = Debug|x86
		{D7CBD6BB-3424-486F-A063-4FDF3B66584D}.Debug|Mixed Platforms.Build.0 = Debug|x86
		{D7CBD6BB-3424-486F-A063-4FDF3B66584D}.Debug|x86.ActiveCfg = Debug|x86
		{D7CBD6BB-3424-486F-A063-4FDF3B66584D}.Debug|x86.Build.0 = Debug|x86
		{D7CBD6BB-3424-486F-A063-4FDF3B66584D}.Release|Any CPU.ActiveCfg = Release|x86
		{D7CBD6BB-3424-486F-A063-4FDF3B66584D}.Release|Mixed Platforms.ActiveCfg = Release|x86
		{D7CBD6BB-3424-486F-A063-4FDF3B66584D}.Release|Mixed Platforms.Build.0 = Release|x86
		{D7CBD6BB-3424-486F-A063-4FDF3B66584D}.Release|x86.ActiveCfg = Release|x86
		{D7CBD6BB-3424-486F-A063-4FDF3B66584D}.Release|x86.Build.0 = Release|x86
		{3FC7488F-C40E-49F3-AC61-3996A21E966B}.Debug|Any CPU.ActiveCfg = Debug|x86
		{3FC7488F-C40E-49F3-AC61-3996A21E966B}.Debug|Mixed Platforms.ActiveCfg = Debug|x86
		{3FC7488F-C40E-49F3-AC61-3996A21E966B}.Debug|Mixed Platforms.Build.0 = Debug|x86
		{3FC7488F-C40E-49F3-AC61-3996A21E966B}.Debug|x86.ActiveCfg = Debug|x86
		{3FC7488F-C40E-49F3-AC61-3996A21E966B}.Debug|x86.Build.0 = Debug|x86
		{3FC7488F-C40E-49F3-AC61-3996A21E966B}.Release|Any CPU.ActiveCfg = Release|x86
		{3FC7488F-C40E-49F3-AC61-3996A21E966B}.Release|Mixed Platforms.ActiveCfg = Release|x86
		{3FC7488F-C40E-49F3-AC61-3996A21E966B}.Release|Mixed Platforms.Build.0 = Release|x86
		{3FC7488F-C40E-49F3-AC61-3996A21E966B}.Release|x86.ActiveCfg = Release|x86
		{3FC7488F-C40E-49F3-AC61-3996A21E966B}.Release|x86.Build.0 = Release|x86
		{9C154C58-AE53-4AD9-9483-AA20DC81CE0F}.Debug|Any CPU.ActiveCfg = Debug|Any CPU
		{9C154C58-AE53-4AD9-9483-AA20DC81CE0F}.Debug|Any CPU.Build.0 = Debug|Any CPU
		{9C154C58-AE53-4AD9-9483-AA20DC81CE0F}.Debug|Any CPU.Deploy.0 = Debug|Any CPU
		{9C154C58-AE53-4AD9-9483-AA20DC81CE0F}.Debug|Mixed Platforms.ActiveCfg = Debug|Any CPU
		{9C154C58-AE53-4AD9-9483-AA20DC81CE0F}.Debug|Mixed Platforms.Build.0 = Debug|Any CPU
		{9C154C58-AE53-4AD9-9483-AA20DC81CE0F}.Debug|Mixed Platforms.Deploy.0 = Debug|Any CPU
		{9C154C58-AE53-4AD9-9483-AA20DC81CE0F}.Debug|x86.ActiveCfg = Debug|Any CPU
		{9C154C58-AE53-4AD9-9483-AA20DC81CE0F}.Release|Any CPU.ActiveCfg = Release|Any CPU
		{9C154C58-AE53-4AD9-9483-AA20DC81CE0F}.Release|Any CPU.Build.0 = Release|Any CPU
		{9C154C58-AE53-4AD9-9483-AA20DC81CE0F}.Release|Any CPU.Deploy.0 = Release|Any CPU
		{9C154C58-AE53-4AD9-9483-AA20DC81CE0F}.Release|Mixed Platforms.ActiveCfg = Release|Any CPU
		{9C154C58-AE53-4AD9-9483-AA20DC81CE0F}.Release|Mixed Platforms.Build.0 = Release|Any CPU
		{9C154C58-AE53-4AD9-9483-AA20DC81CE0F}.Release|Mixed Platforms.Deploy.0 = Release|Any CPU
		{9C154C58-AE53-4AD9-9483-AA20DC81CE0F}.Release|x86.ActiveCfg = Release|Any CPU
	EndGlobalSection
	GlobalSection(SolutionProperties) = preSolution
		HideSolutionNode = FALSE
	EndGlobalSection
	GlobalSection(ExtensibilityGlobals) = postSolution
		EnterpriseLibraryConfigurationToolBinariesPath = packages\Unity.2.1.505.2\lib\NET35
	EndGlobalSection
EndGlobal
